Microsoft Visual Studio Solution File, Format Version 11.00
# Visual Studio 2008

Project("{EDD599C9-9413-655B-5890-C457BA12A56D}") = "BCIVisualExp1", "Assembly-CSharp-firstpass.csproj", "{8A3175A2-8ED2-BF5B-F51B-6F5403248A8A}"
EndProject
Project("{EDD599C9-9413-655B-5890-C457BA12A56D}") = "BCIVisualExp1", "Assembly-CSharp.csproj", "{6635FC4B-152E-3A85-61E2-13EEFA35ECC8}"
EndProject
Project("{EDD599C9-9413-655B-5890-C457BA12A56D}") = "BCIVisualExp1", "Assembly-CSharp-Editor.csproj", "{7A4BEB5E-81C7-65D2-D3B6-E8FED44EC605}"
EndProject
Project("{EDD599C9-9413-655B-5890-C457BA12A56D}") = "BCIVisualExp1", "Assembly-UnityScript-firstpass.unityproj", "{0E78F21B-1011-8F06-1297-BC3CB5DA982D}"
EndProject
Project("{EDD599C9-9413-655B-5890-C457BA12A56D}") = "BCIVisualExp1", "Assembly-UnityScript-Editor.unityproj", "{EDF25DF3-D6C3-DE2A-A1C0-F1DAE1C0FB55}"
EndProject
Global
	GlobalSection(SolutionConfigurationPlatforms) = preSolution
		Debug|Any CPU = Debug|Any CPU
		Release|Any CPU = Release|Any CPU
	EndGlobalSection
	GlobalSection(ProjectConfigurationPlatforms) = postSolution
		{8A3175A2-8ED2-BF5B-F51B-6F5403248A8A}.Debug|Any CPU.ActiveCfg = Debug|Any CPU
		{8A3175A2-8ED2-BF5B-F51B-6F5403248A8A}.Debug|Any CPU.Build.0 = Debug|Any CPU
		{8A3175A2-8ED2-BF5B-F51B-6F5403248A8A}.Release|Any CPU.ActiveCfg = Release|Any CPU
		{8A3175A2-8ED2-BF5B-F51B-6F5403248A8A}.Release|Any CPU.Build.0 = Release|Any CPU
		{6635FC4B-152E-3A85-61E2-13EEFA35ECC8}.Debug|Any CPU.ActiveCfg = Debug|Any CPU
		{6635FC4B-152E-3A85-61E2-13EEFA35ECC8}.Debug|Any CPU.Build.0 = Debug|Any CPU
		{6635FC4B-152E-3A85-61E2-13EEFA35ECC8}.Release|Any CPU.ActiveCfg = Release|Any CPU
		{6635FC4B-152E-3A85-61E2-13EEFA35ECC8}.Release|Any CPU.Build.0 = Release|Any CPU
		{7A4BEB5E-81C7-65D2-D3B6-E8FED44EC605}.Debug|Any CPU.ActiveCfg = Debug|Any CPU
		{7A4BEB5E-81C7-65D2-D3B6-E8FED44EC605}.Debug|Any CPU.Build.0 = Debug|Any CPU
		{7A4BEB5E-81C7-65D2-D3B6-E8FED44EC605}.Release|Any CPU.ActiveCfg = Release|Any CPU
		{7A4BEB5E-81C7-65D2-D3B6-E8FED44EC605}.Release|Any CPU.Build.0 = Release|Any CPU
		{0E78F21B-1011-8F06-1297-BC3CB5DA982D}.Debug|Any CPU.ActiveCfg = Debug|Any CPU
		{0E78F21B-1011-8F06-1297-BC3CB5DA982D}.Debug|Any CPU.Build.0 = Debug|Any CPU
		{0E78F21B-1011-8F06-1297-BC3CB5DA982D}.Release|Any CPU.ActiveCfg = Release|Any CPU
		{0E78F21B-1011-8F06-1297-BC3CB5DA982D}.Release|Any CPU.Build.0 = Release|Any CPU
		{EDF25DF3-D6C3-DE2A-A1C0-F1DAE1C0FB55}.Debug|Any CPU.ActiveCfg = Debug|Any CPU
		{EDF25DF3-D6C3-DE2A-A1C0-F1DAE1C0FB55}.Debug|Any CPU.Build.0 = Debug|Any CPU
		{EDF25DF3-D6C3-DE2A-A1C0-F1DAE1C0FB55}.Release|Any CPU.ActiveCfg = Release|Any CPU
		{EDF25DF3-D6C3-DE2A-A1C0-F1DAE1C0FB55}.Release|Any CPU.Build.0 = Release|Any CPU
	EndGlobalSection
	GlobalSection(SolutionProperties) = preSolution
		HideSolutionNode = FALSE
	EndGlobalSection
																																																																									GlobalSection(MonoDevelopProperties) = preSolution
		StartupItem = Assembly-CSharp.csproj
		Policies = $0
		$0.TextStylePolicy = $1
		$1.inheritsSet = null
		$1.scope = text/x-csharp
		$0.CSharpFormattingPolicy = $2
		$2.inheritsSet = Mono
		$2.inheritsScope = text/x-csharp
		$2.scope = text/x-csharp
		$0.TextStylePolicy = $3
		$3.FileWidth = 120
		$3.TabWidth = 4
		$3.EolMarker = Unix
		$3.inheritsSet = Mono
		$3.inheritsScope = text/plain
		$3.scope = text/plain
	EndGlobalSection

EndGlobal
