
Microsoft Visual Studio Solution File, Format Version 12.00
# Visual Studio 2012
Project("{FAE04EC0-301F-11D3-BF4B-00C04F79EFBC}") = "UnityVS.BCIVisualExp1.CSharp", "UnityVS.BCIVisualExp1.CSharp.csproj", "{C49354B7-2941-0E9B-086D-28EEB22F8FEB}"
EndProject
Project("{FAE04EC0-301F-11D3-BF4B-00C04F79EFBC}") = "UnityVS.BCIVisualExp1.CSharp.Editor", "UnityVS.BCIVisualExp1.CSharp.Editor.csproj", "{C06E1874-54CC-37B9-BCF6-BD26C5C249A4}"
EndProject
Project("{FAE04EC0-301F-11D3-BF4B-00C04F79EFBC}") = "UnityVS.BCIVisualExp1.CSharp.Plugins", "UnityVS.BCIVisualExp1.CSharp.Plugins.csproj", "{E993BAF9-B694-2B18-4627-09D00EA2A752}"
EndProject
Global
	GlobalSection(SolutionConfigurationPlatforms) = preSolution
		Debug|Any CPU = Debug|Any CPU
		Release|Any CPU = Release|Any CPU
	EndGlobalSection
	GlobalSection(ProjectConfigurationPlatforms) = postSolution
		{C49354B7-2941-0E9B-086D-28EEB22F8FEB}.Debug|Any CPU.ActiveCfg = Debug|Any CPU
		{C49354B7-2941-0E9B-086D-28EEB22F8FEB}.Debug|Any CPU.Build.0 = Debug|Any CPU
		{C49354B7-2941-0E9B-086D-28EEB22F8FEB}.Release|Any CPU.ActiveCfg = Release|Any CPU
		{C49354B7-2941-0E9B-086D-28EEB22F8FEB}.Release|Any CPU.Build.0 = Release|Any CPU
		{C06E1874-54CC-37B9-BCF6-BD26C5C249A4}.Debug|Any CPU.ActiveCfg = Debug|Any CPU
		{C06E1874-54CC-37B9-BCF6-BD26C5C249A4}.Debug|Any CPU.Build.0 = Debug|Any CPU
		{C06E1874-54CC-37B9-BCF6-BD26C5C249A4}.Release|Any CPU.ActiveCfg = Release|Any CPU
		{C06E1874-54CC-37B9-BCF6-BD26C5C249A4}.Release|Any CPU.Build.0 = Release|Any CPU
		{E993BAF9-B694-2B18-4627-09D00EA2A752}.Debug|Any CPU.ActiveCfg = Debug|Any CPU
		{E993BAF9-B694-2B18-4627-09D00EA2A752}.Debug|Any CPU.Build.0 = Debug|Any CPU
		{E993BAF9-B694-2B18-4627-09D00EA2A752}.Release|Any CPU.ActiveCfg = Release|Any CPU
		{E993BAF9-B694-2B18-4627-09D00EA2A752}.Release|Any CPU.Build.0 = Release|Any CPU
	EndGlobalSection
	GlobalSection(SolutionProperties) = preSolution
		HideSolutionNode = FALSE
	EndGlobalSection
EndGlobal
